
Microsoft Visual Studio Solution File, Format Version 12.00
# Visual Studio Version 16
VisualStudioVersion = 16.0.32106.194
MinimumVisualStudioVersion = 10.0.40219.1
Project("{9A19103F-16F7-4668-BE54-9A1E7A4F7556}") = "RSSSorter", "RSSSorter.csproj", "{AA7DAA87-19FB-462A-A1CF-BC9E4154FE8C}"
EndProject
Project("{FAE04EC0-301F-11D3-BF4B-00C04F79EFBC}") = "RSSSorterTests1", "..\RSSSorterTests1\RSSSorterTests1.csproj", "{BD078FD8-EB47-4E14-9563-7524F5E63391}"
EndProject
Global
	GlobalSection(SolutionConfigurationPlatforms) = preSolution
		Debug|Any CPU = Debug|Any CPU
		Release|Any CPU = Release|Any CPU
	EndGlobalSection
	GlobalSection(ProjectConfigurationPlatforms) = postSolution
		{AA7DAA87-19FB-462A-A1CF-BC9E4154FE8C}.Debug|Any CPU.ActiveCfg = Debug|Any CPU
		{AA7DAA87-19FB-462A-A1CF-BC9E4154FE8C}.Debug|Any CPU.Build.0 = Debug|Any CPU
		{AA7DAA87-19FB-462A-A1CF-BC9E4154FE8C}.Release|Any CPU.ActiveCfg = Release|Any CPU
		{AA7DAA87-19FB-462A-A1CF-BC9E4154FE8C}.Release|Any CPU.Build.0 = Release|Any CPU
		{BD078FD8-EB47-4E14-9563-7524F5E63391}.Debug|Any CPU.ActiveCfg = Debug|Any CPU
		{BD078FD8-EB47-4E14-9563-7524F5E63391}.Debug|Any CPU.Build.0 = Debug|Any CPU
		{BD078FD8-EB47-4E14-9563-7524F5E63391}.Release|Any CPU.ActiveCfg = Release|Any CPU
		{BD078FD8-EB47-4E14-9563-7524F5E63391}.Release|Any CPU.Build.0 = Release|Any CPU
	EndGlobalSection
	GlobalSection(SolutionProperties) = preSolution
		HideSolutionNode = FALSE
	EndGlobalSection
	GlobalSection(ExtensibilityGlobals) = postSolution
		SolutionGuid = {6B6EBE64-3257-4484-9F50-D7813AD1D1B5}
	EndGlobalSection
EndGlobal
